<?xml version="1.0" encoding="utf-8"?>
<Project ToolsVersion="4.0" xmlns="http://schemas.microsoft.com/developer/msbuild/2003">
  <ItemGroup>
    <Filter Include="Level 1">
      <UniqueIdentifier>{477f744a-da67-4bde-b43f-0e6e89bd835c}</UniqueIdentifier>
    </Filter>
    <Filter Include="Level 2">
      <UniqueIdentifier>{56f5c320-501c-4043-962f-69f516f1e4ac}</UniqueIdentifier>
    </Filter>
    <Filter Include="study">
      <UniqueIdentifier>{76564276-dad5-4881-9521-3e3a5c6fa717}</UniqueIdentifier>
    </Filter>
    <Filter Include="study\logger">
      <UniqueIdentifier>{6b4ce171-0b48-4a0d-a32f-f3fd82e9f83e}</UniqueIdentifier>
    </Filter>
    <Filter Include="study\logger\ConsoleLogger">
      <UniqueIdentifier>{025d5b71-427d-49fb-855d-ee9e30ca0821}</UniqueIdentifier>
    </Filter>
    <Filter Include="study\genetic">
      <UniqueIdentifier>{dec2ff96-c051-4120-8daf-c282ff636046}</UniqueIdentifier>
    </Filter>
    <Filter Include="study\bintree">
      <UniqueIdentifier>{286f9979-472c-48ef-a99f-da17bbf41607}</UniqueIdentifier>
    </Filter>
  </ItemGroup>
  <ItemGroup>
    <ClCompile Include="algorithm.cpp" />
    <ClCompile Include="ILogger.cpp">
      <Filter>study\logger</Filter>
    </ClCompile>
    <ClCompile Include="CConsoleLogger.cpp">
      <Filter>study\logger\ConsoleLogger</Filter>
    </ClCompile>
    <ClCompile Include="Genome.cpp">
      <Filter>study\genetic</Filter>
    </ClCompile>
    <ClCompile Include="GeneticAlgorithm.cpp">
      <Filter>study\genetic</Filter>
    </ClCompile>
  </ItemGroup>
  <ItemGroup>
    <ClInclude Include="lvl_sol_1.h">
      <Filter>Level 1</Filter>
    </ClInclude>
    <ClInclude Include="lvl_sol_2.h">
      <Filter>Level 1</Filter>
    </ClInclude>
    <ClInclude Include="lvl_sol_3.h">
      <Filter>Level 1</Filter>
    </ClInclude>
    <ClInclude Include="lvl_sol_4.h">
      <Filter>Level 1</Filter>
    </ClInclude>
    <ClInclude Include="lvl_sol_5.h">
      <Filter>Level 1</Filter>
    </ClInclude>
    <ClInclude Include="lvl_sol_6.h">
      <Filter>Level 1</Filter>
    </ClInclude>
    <ClInclude Include="lvl_sol_7.h">
      <Filter>Level 1</Filter>
    </ClInclude>
    <ClInclude Include="lvl_sol_8.h">
      <Filter>Level 1</Filter>
    </ClInclude>
    <ClInclude Include="lvl_sol_9.h">
      <Filter>Level 1</Filter>
    </ClInclude>
    <ClInclude Include="lvl_sol_10.h">
      <Filter>Level 1</Filter>
    </ClInclude>
    <ClInclude Include="lvl_sol_11.h">
      <Filter>Level 1</Filter>
    </ClInclude>
    <ClInclude Include="lvl_sol_12.h">
      <Filter>Level 1</Filter>
    </ClInclude>
    <ClInclude Include="lvl_sol_13.h">
      <Filter>Level 1</Filter>
    </ClInclude>
    <ClInclude Include="lvl_sol_14.h">
      <Filter>Level 1</Filter>
    </ClInclude>
    <ClInclude Include="lvl_sol_15.h">
      <Filter>Level 1</Filter>
    </ClInclude>
    <ClInclude Include="lvl_sol_16.h">
      <Filter>Level 1</Filter>
    </ClInclude>
    <ClInclude Include="lvl_sol_17.h">
      <Filter>Level 1</Filter>
    </ClInclude>
    <ClInclude Include="lvl_sol_18.h">
      <Filter>Level 1</Filter>
    </ClInclude>
    <ClInclude Include="lvl_sol_19.h">
      <Filter>Level 1</Filter>
    </ClInclude>
    <ClInclude Include="lvl_sol_20.h">
      <Filter>Level 1</Filter>
    </ClInclude>
    <ClInclude Include="lvl_sol_21.h">
      <Filter>Level 1</Filter>
    </ClInclude>
    <ClInclude Include="lvl_sol_22.h">
      <Filter>Level 1</Filter>
    </ClInclude>
    <ClInclude Include="lvl_sol_23.h">
      <Filter>Level 1</Filter>
    </ClInclude>
    <ClInclude Include="lvl_sol_24.h">
      <Filter>Level 1</Filter>
    </ClInclude>
    <ClInclude Include="lvl_sol_25.h">
      <Filter>Level 1</Filter>
    </ClInclude>
    <ClInclude Include="lvl_sol_26.h">
      <Filter>Level 1</Filter>
    </ClInclude>
    <ClInclude Include="lvl_sol_27.h">
      <Filter>Level 1</Filter>
    </ClInclude>
    <ClInclude Include="lvl_sol_28.h">
      <Filter>Level 1</Filter>
    </ClInclude>
    <ClInclude Include="lvl_sol_29.h">
      <Filter>Level 1</Filter>
    </ClInclude>
    <ClInclude Include="lvl_sol_30.h">
      <Filter>Level 1</Filter>
    </ClInclude>
    <ClInclude Include="lvl_sol_31.h">
      <Filter>Level 1</Filter>
    </ClInclude>
    <ClInclude Include="lvl_sol_32.h">
      <Filter>Level 1</Filter>
    </ClInclude>
    <ClInclude Include="lvl_sol_33.h">
      <Filter>Level 1</Filter>
    </ClInclude>
    <ClInclude Include="lvl_sol_34.h">
      <Filter>Level 1</Filter>
    </ClInclude>
    <ClInclude Include="lvl_sol_35.h">
      <Filter>Level 1</Filter>
    </ClInclude>
    <ClInclude Include="lvl_sol_36.h">
      <Filter>Level 1</Filter>
    </ClInclude>
    <ClInclude Include="lvl_sol_37.h">
      <Filter>Level 1</Filter>
    </ClInclude>
    <ClInclude Include="lvl_sol_38.h">
      <Filter>Level 1</Filter>
    </ClInclude>
    <ClInclude Include="lvl2_sol_1.h">
      <Filter>Level 2</Filter>
    </ClInclude>
    <ClInclude Include="ILogger.h">
      <Filter>study\logger</Filter>
    </ClInclude>
    <ClInclude Include="CConsoleLogger.h">
      <Filter>study\logger\ConsoleLogger</Filter>
    </ClInclude>
    <ClInclude Include="lvl_sol_39.h">
      <Filter>Level 1</Filter>
    </ClInclude>
    <ClInclude Include="GeneticAlgorithm.h">
      <Filter>study\genetic</Filter>
    </ClInclude>
    <ClInclude Include="Genome.h">
      <Filter>study\genetic</Filter>
    </ClInclude>
    <ClInclude Include="MapInfo.h">
      <Filter>study\genetic</Filter>
    </ClInclude>
    <ClInclude Include="lvl_sol_40.h">
      <Filter>Level 1</Filter>
    </ClInclude>
    <ClInclude Include="lvl_sol_41.h">
      <Filter>Level 1</Filter>
    </ClInclude>
    <ClInclude Include="lvl_sol_42.h">
      <Filter>Level 1</Filter>
    </ClInclude>
    <ClInclude Include="lvl2_sol_2.h">
      <Filter>Level 2</Filter>
    </ClInclude>
  </ItemGroup>
</Project>